<?xml version="1.0" encoding="utf-8"?>
<Project ToolsVersion="4.0" xmlns="http://schemas.microsoft.com/developer/msbuild/2003">
  <ItemGroup>
    <ClCompile Include="..\Test\ACos_Test.cpp">
      <Filter>Test</Filter>
    </ClCompile>
    <ClCompile Include="..\Test\ASin_Test.cpp">
      <Filter>Test</Filter>
    </ClCompile>
    <ClCompile Include="..\Test\ATan_Test.cpp">
      <Filter>Test</Filter>
    </ClCompile>
    <ClCompile Include="..\Test\ATan2_Test.cpp">
      <Filter>Test</Filter>
    </ClCompile>
    <ClCompile Include="..\Test\Combo_Junkfood.cpp">
      <Filter>Test</Filter>
    </ClCompile>
    <ClCompile Include="..\Test\Combo_VectCrossAddSub.cpp">
      <Filter>Test</Filter>
    </ClCompile>
    <ClCompile Include="..\Test\Combo_VectCrossAddSubMatrixMult.cpp">
      <Filter>Test</Filter>
    </ClCompile>
    <ClCompile Include="..\Test\Combo_VectCrossAddSubMatrixMultCross.cpp">
      <Filter>Test</Filter>
    </ClCompile>
    <ClCompile Include="..\Test\Combo_VectCrossCrossNorm.cpp">
      <Filter>Test</Filter>
    </ClCompile>
    <ClCompile Include="..\Test\Combo_VectLine.cpp">
      <Filter>Test</Filter>
    </ClCompile>
    <ClCompile Include="..\Test\Cos_Test.cpp">
      <Filter>Test</Filter>
    </ClCompile>
    <ClCompile Include="..\Test\CosSin_Test.cpp">
      <Filter>Test</Filter>
    </ClCompile>
    <ClCompile Include="..\Test\Get_Brackets_const.cpp">
      <Filter>Test</Filter>
    </ClCompile>
    <ClCompile Include="..\Test\InvSqrt_Test.cpp">
      <Filter>Test</Filter>
    </ClCompile>
    <ClCompile Include="..\Test\Matrix_Accessor_Get.cpp">
      <Filter>Test</Filter>
    </ClCompile>
    <ClCompile Include="..\Test\Matrix_Accessor_Get_Const.cpp">
      <Filter>Test</Filter>
    </ClCompile>
    <ClCompile Include="..\Test\Matrix_Accessor_Set.cpp">
      <Filter>Test</Filter>
    </ClCompile>
    <ClCompile Include="..\Test\Matrix_add_matrix.cpp">
      <Filter>Test</Filter>
    </ClCompile>
    <ClCompile Include="..\Test\Matrix_addEqual_matrix.cpp">
      <Filter>Test</Filter>
    </ClCompile>
    <ClCompile Include="..\Test\Matrix_AssignmentOperator.cpp">
      <Filter>Test</Filter>
    </ClCompile>
    <ClCompile Include="..\Test\Matrix_Bracket_get.cpp">
      <Filter>Test</Filter>
    </ClCompile>
    <ClCompile Include="..\Test\Matrix_Bracket_set.cpp">
      <Filter>Test</Filter>
    </ClCompile>
    <ClCompile Include="..\Test\Matrix_copy_constructor.cpp">
      <Filter>Test</Filter>
    </ClCompile>
    <ClCompile Include="..\Test\Matrix_default_constructor.cpp">
      <Filter>Test</Filter>
    </ClCompile>
    <ClCompile Include="..\Test\Matrix_det.cpp">
      <Filter>Test</Filter>
    </ClCompile>
    <ClCompile Include="..\Test\Matrix_getinverse.cpp">
      <Filter>Test</Filter>
    </ClCompile>
    <ClCompile Include="..\Test\Matrix_GetTranspose.cpp">
      <Filter>Test</Filter>
    </ClCompile>
    <ClCompile Include="..\Test\Matrix_Inverse.cpp">
      <Filter>Test</Filter>
    </ClCompile>
    <ClCompile Include="..\Test\Matrix_multEqual_matrix.cpp">
      <Filter>Test</Filter>
    </ClCompile>
    <ClCompile Include="..\Test\Matrix_Multiply.cpp">
      <Filter>Test</Filter>
    </ClCompile>
    <ClCompile Include="..\Test\Matrix_Scale.cpp">
      <Filter>Test</Filter>
    </ClCompile>
    <ClCompile Include="..\Test\Matrix_ScaleEquals.cpp">
      <Filter>Test</Filter>
    </ClCompile>
    <ClCompile Include="..\Test\Matrix_set.cpp">
      <Filter>Test</Filter>
    </ClCompile>
    <ClCompile Include="..\Test\Matrix_SET_Identity.cpp">
      <Filter>Test</Filter>
    </ClCompile>
    <ClCompile Include="..\Test\Matrix_SET_RotX_SET.cpp">
      <Filter>Test</Filter>
    </ClCompile>
    <ClCompile Include="..\Test\Matrix_SET_RotY_SET.cpp">
      <Filter>Test</Filter>
    </ClCompile>
    <ClCompile Include="..\Test\Matrix_SET_RotZ_SET.cpp">
      <Filter>Test</Filter>
    </ClCompile>
    <ClCompile Include="..\Test\Matrix_SET_SCALE.cpp">
      <Filter>Test</Filter>
    </ClCompile>
    <ClCompile Include="..\Test\Matrix_SET_SCALE_Vect.cpp">
      <Filter>Test</Filter>
    </ClCompile>
    <ClCompile Include="..\Test\Matrix_SET_set_ROW_0.cpp">
      <Filter>Test</Filter>
    </ClCompile>
    <ClCompile Include="..\Test\Matrix_SET_set_ROW_1.cpp">
      <Filter>Test</Filter>
    </ClCompile>
    <ClCompile Include="..\Test\Matrix_SET_set_ROW_2.cpp">
      <Filter>Test</Filter>
    </ClCompile>
    <ClCompile Include="..\Test\Matrix_SET_set_ROW_3.cpp">
      <Filter>Test</Filter>
    </ClCompile>
    <ClCompile Include="..\Test\Matrix_SET_Trans.cpp">
      <Filter>Test</Filter>
    </ClCompile>
    <ClCompile Include="..\Test\Matrix_SET_Trans_Vect.cpp">
      <Filter>Test</Filter>
    </ClCompile>
    <ClCompile Include="..\Test\Matrix_SET_Zero.cpp">
      <Filter>Test</Filter>
    </ClCompile>
    <ClCompile Include="..\Test\Matrix_sub_matrix.cpp">
      <Filter>Test</Filter>
    </ClCompile>
    <ClCompile Include="..\Test\Matrix_subEqual_matrix.cpp">
      <Filter>Test</Filter>
    </ClCompile>
    <ClCompile Include="..\Test\Matrix_times_Scale.cpp">
      <Filter>Test</Filter>
    </ClCompile>
    <ClCompile Include="..\Test\Matrix_Transpose.cpp">
      <Filter>Test</Filter>
    </ClCompile>
    <ClCompile Include="..\Test\Matrix_unary_equal_Minus.cpp">
      <Filter>Test</Filter>
    </ClCompile>
    <ClCompile Include="..\Test\Matrix_unary_equal_Plus.cpp">
      <Filter>Test</Filter>
    </ClCompile>
    <ClCompile Include="..\Test\Matrix_UnaryMinus.cpp">
      <Filter>Test</Filter>
    </ClCompile>
    <ClCompile Include="..\Test\Matrix_UnaryPlus.cpp">
      <Filter>Test</Filter>
    </ClCompile>
    <ClCompile Include="..\Test\Matrix_vector_constructor.cpp">
      <Filter>Test</Filter>
    </ClCompile>
    <ClCompile Include="..\Test\MatrixDestructor_constuctor.cpp">
      <Filter>Test</Filter>
    </ClCompile>
    <ClCompile Include="..\Test\MatrixRotAxisAngle.cpp">
      <Filter>Test</Filter>
    </ClCompile>
    <ClCompile Include="..\Test\MatrixRotInverseOrient.cpp">
      <Filter>Test</Filter>
    </ClCompile>
    <ClCompile Include="..\Test\MatrixRotOrient.cpp">
      <Filter>Test</Filter>
    </ClCompile>
    <ClCompile Include="..\Test\Sin_Test.cpp">
      <Filter>Test</Filter>
    </ClCompile>
    <ClCompile Include="..\Test\Special_isEqual_false2.cpp">
      <Filter>Test</Filter>
    </ClCompile>
    <ClCompile Include="..\Test\Special_isEqual_true.cpp">
      <Filter>Test</Filter>
    </ClCompile>
    <ClCompile Include="..\Test\Special_isIdentity_false.cpp">
      <Filter>Test</Filter>
    </ClCompile>
    <ClCompile Include="..\Test\Special_isIdentity_true.cpp">
      <Filter>Test</Filter>
    </ClCompile>
    <ClCompile Include="..\Test\Special_isRotation_false.cpp">
      <Filter>Test</Filter>
    </ClCompile>
    <ClCompile Include="..\Test\Special_isRotation_true.cpp">
      <Filter>Test</Filter>
    </ClCompile>
    <ClCompile Include="..\Test\Special_Matrix_Identity.cpp">
      <Filter>Test</Filter>
    </ClCompile>
    <ClCompile Include="..\Test\Special_Matrix_SCALE.cpp">
      <Filter>Test</Filter>
    </ClCompile>
    <ClCompile Include="..\Test\Special_Matrix_SCALE_Vect.cpp">
      <Filter>Test</Filter>
    </ClCompile>
    <ClCompile Include="..\Test\Special_Matrix_Trans.cpp">
      <Filter>Test</Filter>
    </ClCompile>
    <ClCompile Include="..\Test\Special_Matrix_Trans_Vect.cpp">
      <Filter>Test</Filter>
    </ClCompile>
    <ClCompile Include="..\Test\Special_Matrix_Zero.cpp">
      <Filter>Test</Filter>
    </ClCompile>
    <ClCompile Include="..\Test\Special_RotX.cpp">
      <Filter>Test</Filter>
    </ClCompile>
    <ClCompile Include="..\Test\Special_RotXYZ_Constructor.cpp">
      <Filter>Test</Filter>
    </ClCompile>
    <ClCompile Include="..\Test\Special_RotY.cpp">
      <Filter>Test</Filter>
    </ClCompile>
    <ClCompile Include="..\Test\Special_RotZ.cpp">
      <Filter>Test</Filter>
    </ClCompile>
    <ClCompile Include="..\Test\Sqrt_Test.cpp">
      <Filter>Test</Filter>
    </ClCompile>
    <ClCompile Include="..\Test\Tan_Test.cpp">
      <Filter>Test</Filter>
    </ClCompile>
    <ClCompile Include="..\Test\Vect_Accessors.cpp">
      <Filter>Test</Filter>
    </ClCompile>
    <ClCompile Include="..\Test\Vect_AddSub.cpp">
      <Filter>Test</Filter>
    </ClCompile>
    <ClCompile Include="..\Test\Vect_Boolean.cpp">
      <Filter>Test</Filter>
    </ClCompile>
    <ClCompile Include="..\Test\Vect_Bracket.cpp">
      <Filter>Test</Filter>
    </ClCompile>
    <ClCompile Include="..\Test\Vect_Constructors.cpp">
      <Filter>Test</Filter>
    </ClCompile>
    <ClCompile Include="..\Test\Vect_Functions.cpp">
      <Filter>Test</Filter>
    </ClCompile>
    <ClCompile Include="..\Test\Vect_Matrix.cpp">
      <Filter>Test</Filter>
    </ClCompile>
    <ClCompile Include="..\Test\Vect_Proxy.cpp">
      <Filter>Test</Filter>
    </ClCompile>
    <ClCompile Include="..\Test\Vect_Scale.cpp">
      <Filter>Test</Filter>
    </ClCompile>
    <ClCompile Include="..\Test\Vect_Set.cpp">
      <Filter>Test</Filter>
    </ClCompile>
    <ClCompile Include="..\Test\Vect_Start_Here.cpp">
      <Filter>Test</Filter>
    </ClCompile>
    <ClCompile Include="..\Test\Vect_unary.cpp">
      <Filter>Test</Filter>
    </ClCompile>
    <ClCompile Include="main.cpp">
      <Filter>src</Filter>
    </ClCompile>
  </ItemGroup>
  <ItemGroup>
    <Filter Include="Test">
      <UniqueIdentifier>{5d1787fb-1d4f-4711-9dc6-d15f6042b66f}</UniqueIdentifier>
    </Filter>
    <Filter Include="src">
      <UniqueIdentifier>{4bd201f2-ab18-4a85-97d2-1c664581e1df}</UniqueIdentifier>
    </Filter>
  </ItemGroup>
  <ItemGroup>
    <ClInclude Include="_UnitTestConfiguration.h">
      <Filter>src</Filter>
    </ClInclude>
  </ItemGroup>
</Project>